
Microsoft Visual Studio Solution File, Format Version 12.00
# Visual Studio Version 17
VisualStudioVersion = 17.14.36203.30 d17.14
MinimumVisualStudioVersion = 10.0.40219.1
Project("{FAE04EC0-301F-11D3-BF4B-00C04F79EFBC}") = "Zad2", "Zad2\Zad2.csproj", "{C050905F-764C-4237-AB86-D9398475E540}"
EndProject
Global
	GlobalSection(SolutionConfigurationPlatforms) = preSolution
		Debug|Any CPU = Debug|Any CPU
		Release|Any CPU = Release|Any CPU
	EndGlobalSection
	GlobalSection(ProjectConfigurationPlatforms) = postSolution
		{C050905F-764C-4237-AB86-D9398475E540}.Debug|Any CPU.ActiveCfg = Debug|Any CPU
		{C050905F-764C-4237-AB86-D9398475E540}.Debug|Any CPU.Build.0 = Debug|Any CPU
		{C050905F-764C-4237-AB86-D9398475E540}.Release|Any CPU.ActiveCfg = Release|Any CPU
		{C050905F-764C-4237-AB86-D9398475E540}.Release|Any CPU.Build.0 = Release|Any CPU
	EndGlobalSection
	GlobalSection(SolutionProperties) = preSolution
		HideSolutionNode = FALSE
	EndGlobalSection
	GlobalSection(ExtensibilityGlobals) = postSolution
		SolutionGuid = {46234E47-9292-420E-A6B2-561C8FCFA167}
	EndGlobalSection
EndGlobal
